// !$*UTF8*$!
{
	archiveVersion = 1;
	classes = {
	};
	objectVersion = 54;
	objects = {

/* Begin PBXBuildFile section */
		0A253E8E2F7A580300B80CD7 /* VersionManager.cpp in Sources */ = {isa = PBXBuildFile; fileRef = 0A253E8D2F7A580300B80CD7 /* VersionManager.cpp */; };
		0A253E912F7A585D00B80CD7 /* MeteringEngine.cpp in Sources */ = {isa = PBXBuildFile; fileRef = 0A253E902F7A585D00B80CD7 /* MeteringEngine.cpp */; };
		0A253E942F7A587A00B80CD7 /* AudioEngine.cpp in Sources */ = {isa = PBXBuildFile; fileRef = 0A253E932F7A587A00B80CD7 /* AudioEngine.cpp */; };
		0A253E972F7A589600B80CD7 /* LibraryManager.cpp in Sources */ = {isa = PBXBuildFile; fileRef = 0A253E962F7A589600B80CD7 /* LibraryManager.cpp */; };
		0A253E9A2F7A58B900B80CD7 /* WaveformComponent.cpp in Sources */ = {isa = PBXBuildFile; fileRef = 0A253E992F7A58B900B80CD7 /* WaveformComponent.cpp */; };
		0A253E9D2F7A58CF00B80CD7 /* TransportComponent.cpp in Sources */ = {isa = PBXBuildFile; fileRef = 0A253E9C2F7A58CF00B80CD7 /* TransportComponent.cpp */; };
		0A253EA02F7A58EC00B80CD7 /* LUFSMeterComponent.cpp in Sources */ = {isa = PBXBuildFile; fileRef = 0A253E9F2F7A58EC00B80CD7 /* LUFSMeterComponent.cpp */; };
		0A253EA32F7A590800B80CD7 /* TruePeakMeterComponent.cpp in Sources */ = {isa = PBXBuildFile; fileRef = 0A253EA22F7A590800B80CD7 /* TruePeakMeterComponent.cpp */; };
		0A253EA62F7A592300B80CD7 /* SpectrumAnalyzerComponent.cpp in Sources */ = {isa = PBXBuildFile; fileRef = 0A253EA52F7A592300B80CD7 /* SpectrumAnalyzerComponent.cpp */; };
		0A253EA92F7A594200B80CD7 /* GoniometerComponent.cpp in Sources */ = {isa = PBXBuildFile; fileRef = 0A253EA82F7A594200B80CD7 /* GoniometerComponent.cpp */; };
		0A253EAC2F7A596F00B80CD7 /* LibraryPanelComponent.cpp in Sources */ = {isa = PBXBuildFile; fileRef = 0A253EAB2F7A596F00B80CD7 /* LibraryPanelComponent.cpp */; };
		0A253EAF2F7A598E00B80CD7 /* VersionListComponent.cpp in Sources */ = {isa = PBXBuildFile; fileRef = 0A253EAE2F7A598E00B80CD7 /* VersionListComponent.cpp */; };
		0A253EB22F7A599C00B80CD7 /* MonoToggleButton.cpp in Sources */ = {isa = PBXBuildFile; fileRef = 0A253EB12F7A599C00B80CD7 /* MonoToggleButton.cpp */; };
		0A253EB42F7AE8BF00B80CD7 /* fader.png in Resources */ = {isa = PBXBuildFile; fileRef = 0A253EB32F7AE8BF00B80CD7 /* fader.png */; };
		0A253EB62F7AF8E900B80CD7 /* mixplayericon.icns in Resources */ = {isa = PBXBuildFile; fileRef = 0A253EB52F7AF8E900B80CD7 /* mixplayericon.icns */; };
		0A253EC22F7B023F00B80CD7 /* MiniPlayerComponent.cpp in Sources */ = {isa = PBXBuildFile; fileRef = 0A253EC12F7B023F00B80CD7 /* MiniPlayerComponent.cpp */; };
		0D5182D92BB1FA2EAAB16D8F /* MainComponent.cpp in Sources */ = {isa = PBXBuildFile; fileRef = DAFEBEAA06DC68D3BBEE4A6A /* MainComponent.cpp */; };
		0E15EB7EACDEF8C5A8745D0A /* QuartzCore.framework in Frameworks */ = {isa = PBXBuildFile; fileRef = 5ECA207F431E370898CA78C0 /* QuartzCore.framework */; };
		1C32B3D62CB4AE7F3B317433 /* include_juce_audio_processors_headless.mm in Sources */ = {isa = PBXBuildFile; fileRef = BB43EE491E274C4E414B6288 /* include_juce_audio_processors_headless.mm */; };
		22564FA300700D5BD3E494BA /* CoreMIDI.framework in Frameworks */ = {isa = PBXBuildFile; fileRef = 7AEF253481399F9992B3A233 /* CoreMIDI.framework */; };
		3443D228C0DB5043014BA212 /* Main.cpp in Sources */ = {isa = PBXBuildFile; fileRef = B3E61509D09C664350F84851 /* Main.cpp */; };
		3496E639C533B9407B622836 /* include_juce_audio_formats.mm in Sources */ = {isa = PBXBuildFile; fileRef = B050C39BD91BA753275B4773 /* include_juce_audio_formats.mm */; };
		38BDB7E14483BC811D29C089 /* Cocoa.framework in Frameworks */ = {isa = PBXBuildFile; fileRef = 26A625800E617EA2F02DE505 /* Cocoa.framework */; };
		4991C80EC4F59602FFA7D56E /* Security.framework in Frameworks */ = {isa = PBXBuildFile; fileRef = 870C61C36497A04D861B5112 /* Security.framework */; };
		663AB827ADF2A2591AC8C65C /* include_juce_graphics_Sheenbidi.c in Sources */ = {isa = PBXBuildFile; fileRef = 21F87137B34D18709FF0F9A0 /* include_juce_graphics_Sheenbidi.c */; };
		68F819878E9BD8ACA9DC3C83 /* include_juce_graphics.mm in Sources */ = {isa = PBXBuildFile; fileRef = 466FD87681502642E6486D08 /* include_juce_graphics.mm */; };
		6CBB1B0BB4358988FEFED301 /* CoreAudio.framework in Frameworks */ = {isa = PBXBuildFile; fileRef = C2F3C74FCC19874F65497846 /* CoreAudio.framework */; };
		6D7451A0D22F62F06724D342 /* AudioToolbox.framework in Frameworks */ = {isa = PBXBuildFile; fileRef = B98AF0DB66C2F2A76629F0A0 /* AudioToolbox.framework */; };
		73CFF02AE1164F3440B98779 /* include_juce_audio_processors_headless_ara.cpp in Sources */ = {isa = PBXBuildFile; fileRef = 7DC9567518F57F2BFAEDF351 /* include_juce_audio_processors_headless_ara.cpp */; };
		74F62A7B240D1A15432F8E7E /* include_juce_data_structures.mm in Sources */ = {isa = PBXBuildFile; fileRef = 517C07414986146B1E40DEF0 /* include_juce_data_structures.mm */; };
		77B285F3DEB7E2CE3317687C /* include_juce_audio_devices.mm in Sources */ = {isa = PBXBuildFile; fileRef = 90CA443E3073E31902E90C35 /* include_juce_audio_devices.mm */; };
		7A3C05FEFFEA60BF3B94C22A /* include_juce_core.mm in Sources */ = {isa = PBXBuildFile; fileRef = 77CAE025199BEACBC6FE0F63 /* include_juce_core.mm */; };
		7B67635C687925A2CBCB6D82 /* WebKit.framework in Frameworks */ = {isa = PBXBuildFile; fileRef = 1125721AC737CD8F057F85D3 /* WebKit.framework */; };
		83A06964C452E3D9BC925E36 /* include_juce_audio_basics.mm in Sources */ = {isa = PBXBuildFile; fileRef = E87A69CD3F4612B48619DF8E /* include_juce_audio_basics.mm */; };
		870FD4809D14CE52E3598927 /* include_juce_audio_utils.mm in Sources */ = {isa = PBXBuildFile; fileRef = 1A96CAB148A69AFACE234B1B /* include_juce_audio_utils.mm */; };
		9055761A97B213FE141F6488 /* Metal.framework in Frameworks */ = {isa = PBXBuildFile; fileRef = B02F84F5A665B0A773862AD4 /* Metal.framework */; settings = {ATTRIBUTES = (Weak, ); }; };
		9216276A749D14E45AA3BF9E /* Foundation.framework in Frameworks */ = {isa = PBXBuildFile; fileRef = 93AA40096F5459E895B65DF3 /* Foundation.framework */; };
		9CD341B5418E7B27F39601EA /* include_juce_audio_processors_headless_lv2_libs.cpp in Sources */ = {isa = PBXBuildFile; fileRef = C762DC546E207CD376F805A4 /* include_juce_audio_processors_headless_lv2_libs.cpp */; };
		9D64CF896BC95E4954C2D548 /* include_juce_core_CompilationTime.cpp in Sources */ = {isa = PBXBuildFile; fileRef = 6054BF2EB3CCC5E344D6D349 /* include_juce_core_CompilationTime.cpp */; };
		A452313161D4847DDC2C77C5 /* logo_musicat.png in Resources */ = {isa = PBXBuildFile; fileRef = 6F7726F66EB6210A7F3BDEC0 /* logo_musicat.png */; };
		A9C3C64C8E25D481F3DC400E /* include_juce_gui_extra.mm in Sources */ = {isa = PBXBuildFile; fileRef = 05B8DACF4BC841EC2CA2D0E3 /* include_juce_gui_extra.mm */; };
		AB8714B27622E0E754DA6E7D /* include_juce_events.mm in Sources */ = {isa = PBXBuildFile; fileRef = 78FEB9F142CD50368643D559 /* include_juce_events.mm */; };
		C04E7C7C76F34201B3718B8C /* Accelerate.framework in Frameworks */ = {isa = PBXBuildFile; fileRef = 32110EA9C0C114F565A5BE93 /* Accelerate.framework */; };
		C5E67FCA08113BAB02D5BC03 /* include_juce_gui_basics.mm in Sources */ = {isa = PBXBuildFile; fileRef = C21B55AE192B4C67D4EAA319 /* include_juce_gui_basics.mm */; };
		C94B2DBEA01BC2C230B324D9 /* CoreAudioKit.framework in Frameworks */ = {isa = PBXBuildFile; fileRef = 327670DA5FC647EF85CB9A38 /* CoreAudioKit.framework */; };
		C9BD7306C485DD6C40C9B1DA /* MetalKit.framework in Frameworks */ = {isa = PBXBuildFile; fileRef = 0D69F125212502AF9E4E2971 /* MetalKit.framework */; settings = {ATTRIBUTES = (Weak, ); }; };
		CB0BE9D69755D2E1FF25EE2F /* IOKit.framework in Frameworks */ = {isa = PBXBuildFile; fileRef = 5977177E5A707426497748E6 /* IOKit.framework */; };
		D10FB5218D218FF76796CE78 /* DiscRecording.framework in Frameworks */ = {isa = PBXBuildFile; fileRef = 64EF634C4C6969FCA638D7CB /* DiscRecording.framework */; };
		D4A54A57419FC9E21DDE61CC /* RecentFilesMenuTemplate.nib in Resources */ = {isa = PBXBuildFile; fileRef = C863EE5A85165D51A5E2A992 /* RecentFilesMenuTemplate.nib */; };
		E843BAF62BDC6C73D59E1059 /* include_juce_audio_processors.mm in Sources */ = {isa = PBXBuildFile; fileRef = B480B80D68001C6B619B7A73 /* include_juce_audio_processors.mm */; };
		F8DB388287CBA6EFF5C015A8 /* include_juce_graphics_Harfbuzz.cpp in Sources */ = {isa = PBXBuildFile; fileRef = DCD554E5E320FD2DA05D5AE6 /* include_juce_graphics_Harfbuzz.cpp */; };
/* End PBXBuildFile section */

/* Begin PBXFileReference section */
		05B8DACF4BC841EC2CA2D0E3 /* include_juce_gui_extra.mm */ = {isa = PBXFileReference; lastKnownFileType = sourcecode.cpp.objcpp; name = include_juce_gui_extra.mm; path = ../../JuceLibraryCode/include_juce_gui_extra.mm; sourceTree = SOURCE_ROOT; };
		0A253E8C2F7A57F600B80CD7 /* VersionManager.h */ = {isa = PBXFileReference; lastKnownFileType = sourcecode.c.h; name = VersionManager.h; path = ../../Source/VersionManager.h; sourceTree = SOURCE_ROOT; };
		0A253E8D2F7A580300B80CD7 /* VersionManager.cpp */ = {isa = PBXFileReference; lastKnownFileType = sourcecode.cpp.cpp; name = VersionManager.cpp; path = ../../Source/VersionManager.cpp; sourceTree = SOURCE_ROOT; };
		0A253E8F2F7A581D00B80CD7 /* MeteringEngine.h */ = {isa = PBXFileReference; lastKnownFileType = sourcecode.c.h; name = MeteringEngine.h; path = ../../Source/MeteringEngine.h; sourceTree = SOURCE_ROOT; };
		0A253E902F7A585D00B80CD7 /* MeteringEngine.cpp */ = {isa = PBXFileReference; lastKnownFileType = sourcecode.cpp.cpp; name = MeteringEngine.cpp; path = ../../Source/MeteringEngine.cpp; sourceTree = SOURCE_ROOT; };
		0A253E922F7A586900B80CD7 /* AudioEngine.h */ = {isa = PBXFileReference; lastKnownFileType = sourcecode.c.h; name = AudioEngine.h; path = ../../Source/AudioEngine.h; sourceTree = SOURCE_ROOT; };
		0A253E932F7A587A00B80CD7 /* AudioEngine.cpp */ = {isa = PBXFileReference; lastKnownFileType = sourcecode.cpp.cpp; name = AudioEngine.cpp; path = ../../Source/AudioEngine.cpp; sourceTree = SOURCE_ROOT; };
		0A253E952F7A588400B80CD7 /* LibraryManager.h */ = {isa = PBXFileReference; lastKnownFileType = sourcecode.c.h; name = LibraryManager.h; path = ../../Source/LibraryManager.h; sourceTree = SOURCE_ROOT; };
		0A253E962F7A589600B80CD7 /* LibraryManager.cpp */ = {isa = PBXFileReference; lastKnownFileType = sourcecode.cpp.cpp; name = LibraryManager.cpp; path = ../../Source/LibraryManager.cpp; sourceTree = SOURCE_ROOT; };
		0A253E982F7A58A400B80CD7 /* WaveformComponent.h */ = {isa = PBXFileReference; lastKnownFileType = sourcecode.c.h; name = WaveformComponent.h; path = ../../Source/WaveformComponent.h; sourceTree = SOURCE_ROOT; };
		0A253E992F7A58B900B80CD7 /* WaveformComponent.cpp */ = {isa = PBXFileReference; lastKnownFileType = sourcecode.cpp.cpp; name = WaveformComponent.cpp; path = ../../Source/WaveformComponent.cpp; sourceTree = SOURCE_ROOT; };
		0A253E9B2F7A58C100B80CD7 /* TransportComponent.h */ = {isa = PBXFileReference; lastKnownFileType = sourcecode.c.h; name = TransportComponent.h; path = ../../Source/TransportComponent.h; sourceTree = SOURCE_ROOT; };
		0A253E9C2F7A58CF00B80CD7 /* TransportComponent.cpp */ = {isa = PBXFileReference; lastKnownFileType = sourcecode.cpp.cpp; name = TransportComponent.cpp; path = ../../Source/TransportComponent.cpp; sourceTree = SOURCE_ROOT; };
		0A253E9E2F7A58D700B80CD7 /* LUFSMeterComponent.h */ = {isa = PBXFileReference; lastKnownFileType = sourcecode.c.h; name = LUFSMeterComponent.h; path = ../../Source/LUFSMeterComponent.h; sourceTree = SOURCE_ROOT; };
		0A253E9F2F7A58EC00B80CD7 /* LUFSMeterComponent.cpp */ = {isa = PBXFileReference; lastKnownFileType = sourcecode.cpp.cpp; name = LUFSMeterComponent.cpp; path = ../../Source/LUFSMeterComponent.cpp; sourceTree = SOURCE_ROOT; };
		0A253EA12F7A58F300B80CD7 /* TruePeakMeterComponent.h */ = {isa = PBXFileReference; lastKnownFileType = sourcecode.c.h; name = TruePeakMeterComponent.h; path = ../../Source/TruePeakMeterComponent.h; sourceTree = SOURCE_ROOT; };
		0A253EA22F7A590800B80CD7 /* TruePeakMeterComponent.cpp */ = {isa = PBXFileReference; lastKnownFileType = sourcecode.cpp.cpp; name = TruePeakMeterComponent.cpp; path = ../../Source/TruePeakMeterComponent.cpp; sourceTree = SOURCE_ROOT; };
		0A253EA42F7A590F00B80CD7 /* SpectrumAnalyzerComponent.h */ = {isa = PBXFileReference; lastKnownFileType = sourcecode.c.h; name = SpectrumAnalyzerComponent.h; path = ../../Source/SpectrumAnalyzerComponent.h; sourceTree = SOURCE_ROOT; };
		0A253EA52F7A592300B80CD7 /* SpectrumAnalyzerComponent.cpp */ = {isa = PBXFileReference; lastKnownFileType = sourcecode.cpp.cpp; name = SpectrumAnalyzerComponent.cpp; path = ../../Source/SpectrumAnalyzerComponent.cpp; sourceTree = SOURCE_ROOT; };
		0A253EA72F7A592A00B80CD7 /* GoniometerComponent.h */ = {isa = PBXFileReference; lastKnownFileType = sourcecode.c.h; name = GoniometerComponent.h; path = ../../Source/GoniometerComponent.h; sourceTree = SOURCE_ROOT; };
		0A253EA82F7A594200B80CD7 /* GoniometerComponent.cpp */ = {isa = PBXFileReference; lastKnownFileType = sourcecode.cpp.cpp; name = GoniometerComponent.cpp; path = ../../Source/GoniometerComponent.cpp; sourceTree = SOURCE_ROOT; };
		0A253EAA2F7A594D00B80CD7 /* LibraryPanelComponent.h */ = {isa = PBXFileReference; lastKnownFileType = sourcecode.c.h; name = LibraryPanelComponent.h; path = ../../Source/LibraryPanelComponent.h; sourceTree = SOURCE_ROOT; };
		0A253EAB2F7A596F00B80CD7 /* LibraryPanelComponent.cpp */ = {isa = PBXFileReference; lastKnownFileType = sourcecode.cpp.cpp; name = LibraryPanelComponent.cpp; path = ../../Source/LibraryPanelComponent.cpp; sourceTree = SOURCE_ROOT; };
		0A253EAD2F7A597700B80CD7 /* VersionListComponent.h */ = {isa = PBXFileReference; lastKnownFileType = sourcecode.c.h; name = VersionListComponent.h; path = ../../Source/VersionListComponent.h; sourceTree = SOURCE_ROOT; };
		0A253EAE2F7A598E00B80CD7 /* VersionListComponent.cpp */ = {isa = PBXFileReference; lastKnownFileType = sourcecode.cpp.cpp; name = VersionListComponent.cpp; path = ../../Source/VersionListComponent.cpp; sourceTree = SOURCE_ROOT; };
		0A253EB02F7A599400B80CD7 /* MonoToggleButton.h */ = {isa = PBXFileReference; lastKnownFileType = sourcecode.c.h; name = MonoToggleButton.h; path = ../../Source/MonoToggleButton.h; sourceTree = SOURCE_ROOT; };
		0A253EB12F7A599C00B80CD7 /* MonoToggleButton.cpp */ = {isa = PBXFileReference; lastKnownFileType = sourcecode.cpp.cpp; name = MonoToggleButton.cpp; path = ../../Source/MonoToggleButton.cpp; sourceTree = SOURCE_ROOT; };
		0A253EB32F7AE8BF00B80CD7 /* fader.png */ = {isa = PBXFileReference; lastKnownFileType = image.png; path = fader.png; sourceTree = "<group>"; };
		0A253EB52F7AF8E900B80CD7 /* mixplayericon.icns */ = {isa = PBXFileReference; lastKnownFileType = image.icns; path = mixplayericon.icns; sourceTree = "<group>"; };
		0A253EC02F7B023F00B80CD7 /* MiniPlayerComponent.h */ = {isa = PBXFileReference; lastKnownFileType = sourcecode.c.h; name = MiniPlayerComponent.h; path = "/Users/jasonpark/Documents/Coding/JUCE Projects/MonitorMaster/NewProject/Source/MiniPlayerComponent.h"; sourceTree = "<absolute>"; };
		0A253EC12F7B023F00B80CD7 /* MiniPlayerComponent.cpp */ = {isa = PBXFileReference; lastKnownFileType = sourcecode.cpp.cpp; name = MiniPlayerComponent.cpp; path = "/Users/jasonpark/Documents/Coding/JUCE Projects/MonitorMaster/NewProject/Source/MiniPlayerComponent.cpp"; sourceTree = "<absolute>"; };
		0D69F125212502AF9E4E2971 /* MetalKit.framework */ = {isa = PBXFileReference; lastKnownFileType = wrapper.framework; name = MetalKit.framework; path = System/Library/Frameworks/MetalKit.framework; sourceTree = SDKROOT; };
		1125721AC737CD8F057F85D3 /* WebKit.framework */ = {isa = PBXFileReference; lastKnownFileType = wrapper.framework; name = WebKit.framework; path = System/Library/Frameworks/WebKit.framework; sourceTree = SDKROOT; };
		153176E834BABC522B3EF3EF /* MainComponent.h */ = {isa = PBXFileReference; lastKnownFileType = sourcecode.c.h; name = MainComponent.h; path = ../../Source/MainComponent.h; sourceTree = SOURCE_ROOT; };
		155E2E430E8F632F5D3DCBCA /* juce_audio_processors */ = {isa = PBXFileReference; lastKnownFileType = folder; name = juce_audio_processors; path = /Applications/JUCE/modules/juce_audio_processors; sourceTree = "<absolute>"; };
		17481C6FCE45398F2E9A5677 /* juce_gui_basics */ = {isa = PBXFileReference; lastKnownFileType = folder; name = juce_gui_basics; path = /Applications/JUCE/modules/juce_gui_basics; sourceTree = "<absolute>"; };
		1A96CAB148A69AFACE234B1B /* include_juce_audio_utils.mm */ = {isa = PBXFileReference; lastKnownFileType = sourcecode.cpp.objcpp; name = include_juce_audio_utils.mm; path = ../../JuceLibraryCode/include_juce_audio_utils.mm; sourceTree = SOURCE_ROOT; };
		21F87137B34D18709FF0F9A0 /* include_juce_graphics_Sheenbidi.c */ = {isa = PBXFileReference; lastKnownFileType = sourcecode.c.c; name = include_juce_graphics_Sheenbidi.c; path = ../../JuceLibraryCode/include_juce_graphics_Sheenbidi.c; sourceTree = SOURCE_ROOT; };
		26A625800E617EA2F02DE505 /* Cocoa.framework */ = {isa = PBXFileReference; lastKnownFileType = wrapper.framework; name = Cocoa.framework; path = System/Library/Frameworks/Cocoa.framework; sourceTree = SDKROOT; };
		273258934C849E832627D8AD /* juce_audio_formats */ = {isa = PBXFileReference; lastKnownFileType = folder; name = juce_audio_formats; path = /Applications/JUCE/modules/juce_audio_formats; sourceTree = "<absolute>"; };
		27383D1A2526968C58278BAD /* juce_audio_utils */ = {isa = PBXFileReference; lastKnownFileType = folder; name = juce_audio_utils; path = /Applications/JUCE/modules/juce_audio_utils; sourceTree = "<absolute>"; };
		32110EA9C0C114F565A5BE93 /* Accelerate.framework */ = {isa = PBXFileReference; lastKnownFileType = wrapper.framework; name = Accelerate.framework; path = System/Library/Frameworks/Accelerate.framework; sourceTree = SDKROOT; };
		327670DA5FC647EF85CB9A38 /* CoreAudioKit.framework */ = {isa = PBXFileReference; lastKnownFileType = wrapper.framework; name = CoreAudioKit.framework; path = System/Library/Frameworks/CoreAudioKit.framework; sourceTree = SDKROOT; };
		466FD87681502642E6486D08 /* include_juce_graphics.mm */ = {isa = PBXFileReference; lastKnownFileType = sourcecode.cpp.objcpp; name = include_juce_graphics.mm; path = ../../JuceLibraryCode/include_juce_graphics.mm; sourceTree = SOURCE_ROOT; };
		517C07414986146B1E40DEF0 /* include_juce_data_structures.mm */ = {isa = PBXFileReference; lastKnownFileType = sourcecode.cpp.objcpp; name = include_juce_data_structures.mm; path = ../../JuceLibraryCode/include_juce_data_structures.mm; sourceTree = SOURCE_ROOT; };
		5977177E5A707426497748E6 /* IOKit.framework */ = {isa = PBXFileReference; lastKnownFileType = wrapper.framework; name = IOKit.framework; path = System/Library/Frameworks/IOKit.framework; sourceTree = SDKROOT; };
		5CA52707AA6BE6425E548904 /* juce_graphics */ = {isa = PBXFileReference; lastKnownFileType = folder; name = juce_graphics; path = /Applications/JUCE/modules/juce_graphics; sourceTree = "<absolute>"; };
		5ECA207F431E370898CA78C0 /* QuartzCore.framework */ = {isa = PBXFileReference; lastKnownFileType = wrapper.framework; name = QuartzCore.framework; path = System/Library/Frameworks/QuartzCore.framework; sourceTree = SDKROOT; };
		6054BF2EB3CCC5E344D6D349 /* include_juce_core_CompilationTime.cpp */ = {isa = PBXFileReference; lastKnownFileType = sourcecode.cpp.cpp; name = include_juce_core_CompilationTime.cpp; path = ../../JuceLibraryCode/include_juce_core_CompilationTime.cpp; sourceTree = SOURCE_ROOT; };
		624D9274450DFB4FE2179A1B /* Info-App.plist */ = {isa = PBXFileReference; lastKnownFileType = text.plist.xml; path = "Info-App.plist"; sourceTree = SOURCE_ROOT; };
		64EF634C4C6969FCA638D7CB /* DiscRecording.framework */ = {isa = PBXFileReference; lastKnownFileType = wrapper.framework; name = DiscRecording.framework; path = System/Library/Frameworks/DiscRecording.framework; sourceTree = SDKROOT; };
		6CA125D65B856038A75C0E1D /* juce_core */ = {isa = PBXFileReference; lastKnownFileType = folder; name = juce_core; path = /Applications/JUCE/modules/juce_core; sourceTree = "<absolute>"; };
		6F7726F66EB6210A7F3BDEC0 /* logo_musicat.png */ = {isa = PBXFileReference; includeInIndex = 1; lastKnownFileType = image.png; name = logo_musicat.png; path = ../../Source/logo_musicat.png; sourceTree = "<group>"; };
		72BE1092DB58A5A6CB739095 /* MixPlayer.app */ = {isa = PBXFileReference; explicitFileType = wrapper.application; includeInIndex = 0; name = MixPlayer.app; path = "Mix Player.app"; sourceTree = BUILT_PRODUCTS_DIR; };
		77CAE025199BEACBC6FE0F63 /* include_juce_core.mm */ = {isa = PBXFileReference; lastKnownFileType = sourcecode.cpp.objcpp; name = include_juce_core.mm; path = ../../JuceLibraryCode/include_juce_core.mm; sourceTree = SOURCE_ROOT; };
		7859CA4EF2777B7FA43FB0AF /* juce_events */ = {isa = PBXFileReference; lastKnownFileType = folder; name = juce_events; path = /Applications/JUCE/modules/juce_events; sourceTree = "<absolute>"; };
		78FEB9F142CD50368643D559 /* include_juce_events.mm */ = {isa = PBXFileReference; lastKnownFileType = sourcecode.cpp.objcpp; name = include_juce_events.mm; path = ../../JuceLibraryCode/include_juce_events.mm; sourceTree = SOURCE_ROOT; };
		791D0E26E2F603C356BA6332 /* juce_audio_basics */ = {isa = PBXFileReference; lastKnownFileType = folder; name = juce_audio_basics; path = /Applications/JUCE/modules/juce_audio_basics; sourceTree = "<absolute>"; };
		7AEF253481399F9992B3A233 /* CoreMIDI.framework */ = {isa = PBXFileReference; lastKnownFileType = wrapper.framework; name = CoreMIDI.framework; path = System/Library/Frameworks/CoreMIDI.framework; sourceTree = SDKROOT; };
		7DC9567518F57F2BFAEDF351 /* include_juce_audio_processors_headless_ara.cpp */ = {isa = PBXFileReference; lastKnownFileType = sourcecode.cpp.cpp; name = include_juce_audio_processors_headless_ara.cpp; path = ../../JuceLibraryCode/include_juce_audio_processors_headless_ara.cpp; sourceTree = SOURCE_ROOT; };
		870C61C36497A04D861B5112 /* Security.framework */ = {isa = PBXFileReference; lastKnownFileType = wrapper.framework; name = Security.framework; path = System/Library/Frameworks/Security.framework; sourceTree = SDKROOT; };
		88696DF46642B3953379EC60 /* juce_gui_extra */ = {isa = PBXFileReference; lastKnownFileType = folder; name = juce_gui_extra; path = /Applications/JUCE/modules/juce_gui_extra; sourceTree = "<absolute>"; };
		90CA443E3073E31902E90C35 /* include_juce_audio_devices.mm */ = {isa = PBXFileReference; lastKnownFileType = sourcecode.cpp.objcpp; name = include_juce_audio_devices.mm; path = ../../JuceLibraryCode/include_juce_audio_devices.mm; sourceTree = SOURCE_ROOT; };
		93AA40096F5459E895B65DF3 /* Foundation.framework */ = {isa = PBXFileReference; lastKnownFileType = wrapper.framework; name = Foundation.framework; path = System/Library/Frameworks/Foundation.framework; sourceTree = SDKROOT; };
		9A8AEC4138363D473D85C53A /* juce_data_structures */ = {isa = PBXFileReference; lastKnownFileType = folder; name = juce_data_structures; path = /Applications/JUCE/modules/juce_data_structures; sourceTree = "<absolute>"; };
		B02F84F5A665B0A773862AD4 /* Metal.framework */ = {isa = PBXFileReference; lastKnownFileType = wrapper.framework; name = Metal.framework; path = System/Library/Frameworks/Metal.framework; sourceTree = SDKROOT; };
		B050C39BD91BA753275B4773 /* include_juce_audio_formats.mm */ = {isa = PBXFileReference; lastKnownFileType = sourcecode.cpp.objcpp; name = include_juce_audio_formats.mm; path = ../../JuceLibraryCode/include_juce_audio_formats.mm; sourceTree = SOURCE_ROOT; };
		B3E61509D09C664350F84851 /* Main.cpp */ = {isa = PBXFileReference; lastKnownFileType = sourcecode.cpp.cpp; name = Main.cpp; path = ../../Source/Main.cpp; sourceTree = SOURCE_ROOT; };
		B480B80D68001C6B619B7A73 /* include_juce_audio_processors.mm */ = {isa = PBXFileReference; lastKnownFileType = sourcecode.cpp.objcpp; name = include_juce_audio_processors.mm; path = ../../JuceLibraryCode/include_juce_audio_processors.mm; sourceTree = SOURCE_ROOT; };
		B98AF0DB66C2F2A76629F0A0 /* AudioToolbox.framework */ = {isa = PBXFileReference; lastKnownFileType = wrapper.framework; name = AudioToolbox.framework; path = System/Library/Frameworks/AudioToolbox.framework; sourceTree = SDKROOT; };
		BB43EE491E274C4E414B6288 /* include_juce_audio_processors_headless.mm */ = {isa = PBXFileReference; lastKnownFileType = sourcecode.cpp.objcpp; name = include_juce_audio_processors_headless.mm; path = ../../JuceLibraryCode/include_juce_audio_processors_headless.mm; sourceTree = SOURCE_ROOT; };
		BBEDE32B3D433254D5055D0F /* juce_audio_processors_headless */ = {isa = PBXFileReference; lastKnownFileType = folder; name = juce_audio_processors_headless; path = /Applications/JUCE/modules/juce_audio_processors_headless; sourceTree = "<absolute>"; };
		C21B55AE192B4C67D4EAA319 /* include_juce_gui_basics.mm */ = {isa = PBXFileReference; lastKnownFileType = sourcecode.cpp.objcpp; name = include_juce_gui_basics.mm; path = ../../JuceLibraryCode/include_juce_gui_basics.mm; sourceTree = SOURCE_ROOT; };
		C2F3C74FCC19874F65497846 /* CoreAudio.framework */ = {isa = PBXFileReference; lastKnownFileType = wrapper.framework; name = CoreAudio.framework; path = System/Library/Frameworks/CoreAudio.framework; sourceTree = SDKROOT; };
		C3E4473E7B6B21344429A0E2 /* juce_audio_devices */ = {isa = PBXFileReference; lastKnownFileType = folder; name = juce_audio_devices; path = /Applications/JUCE/modules/juce_audio_devices; sourceTree = "<absolute>"; };
		C762DC546E207CD376F805A4 /* include_juce_audio_processors_headless_lv2_libs.cpp */ = {isa = PBXFileReference; lastKnownFileType = sourcecode.cpp.cpp; name = include_juce_audio_processors_headless_lv2_libs.cpp; path = ../../JuceLibraryCode/include_juce_audio_processors_headless_lv2_libs.cpp; sourceTree = SOURCE_ROOT; };
		C863EE5A85165D51A5E2A992 /* RecentFilesMenuTemplate.nib */ = {isa = PBXFileReference; lastKnownFileType = file.nib; path = RecentFilesMenuTemplate.nib; sourceTree = SOURCE_ROOT; };
		D3E0619AEF2D90491509A9F6 /* JuceHeader.h */ = {isa = PBXFileReference; lastKnownFileType = sourcecode.c.h; name = JuceHeader.h; path = ../../JuceLibraryCode/JuceHeader.h; sourceTree = SOURCE_ROOT; };
		DAFEBEAA06DC68D3BBEE4A6A /* MainComponent.cpp */ = {isa = PBXFileReference; lastKnownFileType = sourcecode.cpp.cpp; name = MainComponent.cpp; path = ../../Source/MainComponent.cpp; sourceTree = SOURCE_ROOT; };
		DCD554E5E320FD2DA05D5AE6 /* include_juce_graphics_Harfbuzz.cpp */ = {isa = PBXFileReference; lastKnownFileType = sourcecode.cpp.cpp; name = include_juce_graphics_Harfbuzz.cpp; path = ../../JuceLibraryCode/include_juce_graphics_Harfbuzz.cpp; sourceTree = SOURCE_ROOT; };
		E87A69CD3F4612B48619DF8E /* include_juce_audio_basics.mm */ = {isa = PBXFileReference; lastKnownFileType = sourcecode.cpp.objcpp; name = include_juce_audio_basics.mm; path = ../../JuceLibraryCode/include_juce_audio_basics.mm; sourceTree = SOURCE_ROOT; };
/* End PBXFileReference section */

/* Begin PBXFrameworksBuildPhase section */
		4A93037A8AF6DCCC13577626 /* Frameworks */ = {
			isa = PBXFrameworksBuildPhase;
			buildActionMask = 2147483647;
			files = (
				C04E7C7C76F34201B3718B8C /* Accelerate.framework in Frameworks */,
				6D7451A0D22F62F06724D342 /* AudioToolbox.framework in Frameworks */,
				38BDB7E14483BC811D29C089 /* Cocoa.framework in Frameworks */,
				6CBB1B0BB4358988FEFED301 /* CoreAudio.framework in Frameworks */,
				C94B2DBEA01BC2C230B324D9 /* CoreAudioKit.framework in Frameworks */,
				22564FA300700D5BD3E494BA /* CoreMIDI.framework in Frameworks */,
				D10FB5218D218FF76796CE78 /* DiscRecording.framework in Frameworks */,
				9216276A749D14E45AA3BF9E /* Foundation.framework in Frameworks */,
				CB0BE9D69755D2E1FF25EE2F /* IOKit.framework in Frameworks */,
				0E15EB7EACDEF8C5A8745D0A /* QuartzCore.framework in Frameworks */,
				4991C80EC4F59602FFA7D56E /* Security.framework in Frameworks */,
				7B67635C687925A2CBCB6D82 /* WebKit.framework in Frameworks */,
				9055761A97B213FE141F6488 /* Metal.framework in Frameworks */,
				C9BD7306C485DD6C40C9B1DA /* MetalKit.framework in Frameworks */,
			);
			runOnlyForDeploymentPostprocessing = 0;
		};
/* End PBXFrameworksBuildPhase section */

/* Begin PBXGroup section */
		6222033D39E3B5CF964380B7 /* JUCE Library Code */ = {
			isa = PBXGroup;
			children = (
				E87A69CD3F4612B48619DF8E /* include_juce_audio_basics.mm */,
				90CA443E3073E31902E90C35 /* include_juce_audio_devices.mm */,
				B050C39BD91BA753275B4773 /* include_juce_audio_formats.mm */,
				B480B80D68001C6B619B7A73 /* include_juce_audio_processors.mm */,
				BB43EE491E274C4E414B6288 /* include_juce_audio_processors_headless.mm */,
				7DC9567518F57F2BFAEDF351 /* include_juce_audio_processors_headless_ara.cpp */,
				C762DC546E207CD376F805A4 /* include_juce_audio_processors_headless_lv2_libs.cpp */,
				1A96CAB148A69AFACE234B1B /* include_juce_audio_utils.mm */,
				77CAE025199BEACBC6FE0F63 /* include_juce_core.mm */,
				6054BF2EB3CCC5E344D6D349 /* include_juce_core_CompilationTime.cpp */,
				517C07414986146B1E40DEF0 /* include_juce_data_structures.mm */,
				78FEB9F142CD50368643D559 /* include_juce_events.mm */,
				466FD87681502642E6486D08 /* include_juce_graphics.mm */,
				DCD554E5E320FD2DA05D5AE6 /* include_juce_graphics_Harfbuzz.cpp */,
				21F87137B34D18709FF0F9A0 /* include_juce_graphics_Sheenbidi.c */,
				C21B55AE192B4C67D4EAA319 /* include_juce_gui_basics.mm */,
				05B8DACF4BC841EC2CA2D0E3 /* include_juce_gui_extra.mm */,
				D3E0619AEF2D90491509A9F6 /* JuceHeader.h */,
			);
			name = "JUCE Library Code";
			sourceTree = "<group>";
		};
		7AA682E2716800816D5368DC /* Frameworks */ = {
			isa = PBXGroup;
			children = (
				32110EA9C0C114F565A5BE93 /* Accelerate.framework */,
				B98AF0DB66C2F2A76629F0A0 /* AudioToolbox.framework */,
				26A625800E617EA2F02DE505 /* Cocoa.framework */,
				C2F3C74FCC19874F65497846 /* CoreAudio.framework */,
				327670DA5FC647EF85CB9A38 /* CoreAudioKit.framework */,
				7AEF253481399F9992B3A233 /* CoreMIDI.framework */,
				64EF634C4C6969FCA638D7CB /* DiscRecording.framework */,
				93AA40096F5459E895B65DF3 /* Foundation.framework */,
				5977177E5A707426497748E6 /* IOKit.framework */,
				5ECA207F431E370898CA78C0 /* QuartzCore.framework */,
				870C61C36497A04D861B5112 /* Security.framework */,
				1125721AC737CD8F057F85D3 /* WebKit.framework */,
				B02F84F5A665B0A773862AD4 /* Metal.framework */,
				0D69F125212502AF9E4E2971 /* MetalKit.framework */,
			);
			name = Frameworks;
			sourceTree = "<group>";
		};
		7FB858BF27808FF693EC4FB1 /* Resources */ = {
			isa = PBXGroup;
			children = (
				624D9274450DFB4FE2179A1B /* Info-App.plist */,
				C863EE5A85165D51A5E2A992 /* RecentFilesMenuTemplate.nib */,
			);
			name = Resources;
			sourceTree = "<group>";
		};
		8A14C39BF0BBA5A343C1D096 /* JUCE Modules */ = {
			isa = PBXGroup;
			children = (
				791D0E26E2F603C356BA6332 /* juce_audio_basics */,
				C3E4473E7B6B21344429A0E2 /* juce_audio_devices */,
				273258934C849E832627D8AD /* juce_audio_formats */,
				155E2E430E8F632F5D3DCBCA /* juce_audio_processors */,
				BBEDE32B3D433254D5055D0F /* juce_audio_processors_headless */,
				27383D1A2526968C58278BAD /* juce_audio_utils */,
				6CA125D65B856038A75C0E1D /* juce_core */,
				9A8AEC4138363D473D85C53A /* juce_data_structures */,
				7859CA4EF2777B7FA43FB0AF /* juce_events */,
				5CA52707AA6BE6425E548904 /* juce_graphics */,
				17481C6FCE45398F2E9A5677 /* juce_gui_basics */,
				88696DF46642B3953379EC60 /* juce_gui_extra */,
			);
			name = "JUCE Modules";
			sourceTree = "<group>";
		};
		92B776FA0ADEA5C6BA9353F8 /* Source */ = {
			isa = PBXGroup;
			children = (
				0A253EC02F7B023F00B80CD7 /* MiniPlayerComponent.h */,
				0A253EC12F7B023F00B80CD7 /* MiniPlayerComponent.cpp */,
				B3E61509D09C664350F84851 /* Main.cpp */,
				153176E834BABC522B3EF3EF /* MainComponent.h */,
				DAFEBEAA06DC68D3BBEE4A6A /* MainComponent.cpp */,
				0A253E8C2F7A57F600B80CD7 /* VersionManager.h */,
				0A253E8D2F7A580300B80CD7 /* VersionManager.cpp */,
				0A253E8F2F7A581D00B80CD7 /* MeteringEngine.h */,
				0A253E902F7A585D00B80CD7 /* MeteringEngine.cpp */,
				0A253E922F7A586900B80CD7 /* AudioEngine.h */,
				0A253E932F7A587A00B80CD7 /* AudioEngine.cpp */,
				0A253E952F7A588400B80CD7 /* LibraryManager.h */,
				0A253E962F7A589600B80CD7 /* LibraryManager.cpp */,
				0A253E982F7A58A400B80CD7 /* WaveformComponent.h */,
				0A253E992F7A58B900B80CD7 /* WaveformComponent.cpp */,
				0A253E9B2F7A58C100B80CD7 /* TransportComponent.h */,
				0A253E9C2F7A58CF00B80CD7 /* TransportComponent.cpp */,
				0A253E9E2F7A58D700B80CD7 /* LUFSMeterComponent.h */,
				0A253E9F2F7A58EC00B80CD7 /* LUFSMeterComponent.cpp */,
				0A253EA12F7A58F300B80CD7 /* TruePeakMeterComponent.h */,
				0A253EA22F7A590800B80CD7 /* TruePeakMeterComponent.cpp */,
				0A253EA42F7A590F00B80CD7 /* SpectrumAnalyzerComponent.h */,
				0A253EA52F7A592300B80CD7 /* SpectrumAnalyzerComponent.cpp */,
				0A253EA72F7A592A00B80CD7 /* GoniometerComponent.h */,
				0A253EA82F7A594200B80CD7 /* GoniometerComponent.cpp */,
				0A253EAA2F7A594D00B80CD7 /* LibraryPanelComponent.h */,
				0A253EAB2F7A596F00B80CD7 /* LibraryPanelComponent.cpp */,
				0A253EAD2F7A597700B80CD7 /* VersionListComponent.h */,
				0A253EAE2F7A598E00B80CD7 /* VersionListComponent.cpp */,
				0A253EB02F7A599400B80CD7 /* MonoToggleButton.h */,
				0A253EB12F7A599C00B80CD7 /* MonoToggleButton.cpp */,
			);
			name = Source;
			sourceTree = "<group>";
		};
		968EEC2DF66E9283AAEDF498 /* MixPlayer */ = {
			isa = PBXGroup;
			children = (
				92B776FA0ADEA5C6BA9353F8 /* Source */,
			);
			name = MixPlayer;
			sourceTree = "<group>";
		};
		B11F07FC60E507212FCEC6EF /* Source */ = {
			isa = PBXGroup;
			children = (
				0A253EB52F7AF8E900B80CD7 /* mixplayericon.icns */,
				0A253EB32F7AE8BF00B80CD7 /* fader.png */,
				968EEC2DF66E9283AAEDF498 /* MixPlayer */,
				8A14C39BF0BBA5A343C1D096 /* JUCE Modules */,
				6222033D39E3B5CF964380B7 /* JUCE Library Code */,
				7FB858BF27808FF693EC4FB1 /* Resources */,
				7AA682E2716800816D5368DC /* Frameworks */,
				D9F1F7437479307268F1985E /* Products */,
				6F7726F66EB6210A7F3BDEC0 /* logo_musicat.png */,
			);
			name = Source;
			sourceTree = "<group>";
		};
		D9F1F7437479307268F1985E /* Products */ = {
			isa = PBXGroup;
			children = (
				72BE1092DB58A5A6CB739095 /* MixPlayer.app */,
			);
			name = Products;
			sourceTree = "<group>";
		};
/* End PBXGroup section */

/* Begin PBXNativeTarget section */
		7D25882AA7545420B1D88198 /* MixPlayer - App */ = {
			isa = PBXNativeTarget;
			buildConfigurationList = 9A26245E40B0E182AADA2157 /* Build configuration list for PBXNativeTarget "MixPlayer - App" */;
			buildPhases = (
				300BCD7C3806CAB39EB8A539 /* Resources */,
				B186E8B29C9EE0E7191FC357 /* Sources */,
				4A93037A8AF6DCCC13577626 /* Frameworks */,
			);
			buildRules = (
			);
			dependencies = (
			);
			name = "MixPlayer - App";
			productName = NewProject;
			productReference = 72BE1092DB58A5A6CB739095 /* MixPlayer.app */;
			productType = "com.apple.product-type.application";
		};
/* End PBXNativeTarget section */

/* Begin PBXProject section */
		5E3FAAFDD76F738A46D81073 /* Project object */ = {
			isa = PBXProject;
			attributes = {
				BuildIndependentTargetsInParallel = YES;
				LastUpgradeCheck = 2630;
				ORGANIZATIONNAME = "";
				TargetAttributes = {
					7D25882AA7545420B1D88198 = {
						SystemCapabilities = {
							com.apple.ApplicationGroups.iOS = {
								enabled = 0;
							};
							com.apple.HardenedRuntime = {
								enabled = 0;
							};
							com.apple.InAppPurchase = {
								enabled = 0;
							};
							com.apple.InterAppAudio = {
								enabled = 0;
							};
							com.apple.Push = {
								enabled = 0;
							};
							com.apple.Sandbox = {
								enabled = 0;
							};
						};
					};
				};
			};
			buildConfigurationList = 288EA1319B288D7C2CD570FC /* Build configuration list for PBXProject "MixPlayer" */;
			compatibilityVersion = "Xcode 3.2";
			developmentRegion = en;
			hasScannedForEncodings = 0;
			knownRegions = (
				en,
				Base,
			);
			mainGroup = B11F07FC60E507212FCEC6EF /* Source */;
			productRefGroup = D9F1F7437479307268F1985E /* Products */;
			projectDirPath = "";
			projectRoot = "";
			targets = (
				7D25882AA7545420B1D88198 /* MixPlayer - App */,
			);
		};
/* End PBXProject section */

/* Begin PBXResourcesBuildPhase section */
		300BCD7C3806CAB39EB8A539 /* Resources */ = {
			isa = PBXResourcesBuildPhase;
			buildActionMask = 2147483647;
			files = (
				0A253EB42F7AE8BF00B80CD7 /* fader.png in Resources */,
				0A253EB62F7AF8E900B80CD7 /* mixplayericon.icns in Resources */,
				D4A54A57419FC9E21DDE61CC /* RecentFilesMenuTemplate.nib in Resources */,
				A452313161D4847DDC2C77C5 /* logo_musicat.png in Resources */,
			);
			runOnlyForDeploymentPostprocessing = 0;
		};
/* End PBXResourcesBuildPhase section */

/* Begin PBXSourcesBuildPhase section */
		B186E8B29C9EE0E7191FC357 /* Sources */ = {
			isa = PBXSourcesBuildPhase;
			buildActionMask = 2147483647;
			files = (
				0A253E912F7A585D00B80CD7 /* MeteringEngine.cpp in Sources */,
				0A253E972F7A589600B80CD7 /* LibraryManager.cpp in Sources */,
				3443D228C0DB5043014BA212 /* Main.cpp in Sources */,
				0D5182D92BB1FA2EAAB16D8F /* MainComponent.cpp in Sources */,
				83A06964C452E3D9BC925E36 /* include_juce_audio_basics.mm in Sources */,
				77B285F3DEB7E2CE3317687C /* include_juce_audio_devices.mm in Sources */,
				3496E639C533B9407B622836 /* include_juce_audio_formats.mm in Sources */,
				E843BAF62BDC6C73D59E1059 /* include_juce_audio_processors.mm in Sources */,
				0A253EA32F7A590800B80CD7 /* TruePeakMeterComponent.cpp in Sources */,
				1C32B3D62CB4AE7F3B317433 /* include_juce_audio_processors_headless.mm in Sources */,
				73CFF02AE1164F3440B98779 /* include_juce_audio_processors_headless_ara.cpp in Sources */,
				9CD341B5418E7B27F39601EA /* include_juce_audio_processors_headless_lv2_libs.cpp in Sources */,
				870FD4809D14CE52E3598927 /* include_juce_audio_utils.mm in Sources */,
				7A3C05FEFFEA60BF3B94C22A /* include_juce_core.mm in Sources */,
				0A253EAF2F7A598E00B80CD7 /* VersionListComponent.cpp in Sources */,
				0A253EA92F7A594200B80CD7 /* GoniometerComponent.cpp in Sources */,
				9D64CF896BC95E4954C2D548 /* include_juce_core_CompilationTime.cpp in Sources */,
				0A253E8E2F7A580300B80CD7 /* VersionManager.cpp in Sources */,
				0A253E942F7A587A00B80CD7 /* AudioEngine.cpp in Sources */,
				0A253E9A2F7A58B900B80CD7 /* WaveformComponent.cpp in Sources */,
				0A253EC22F7B023F00B80CD7 /* MiniPlayerComponent.cpp in Sources */,
				74F62A7B240D1A15432F8E7E /* include_juce_data_structures.mm in Sources */,
				0A253EAC2F7A596F00B80CD7 /* LibraryPanelComponent.cpp in Sources */,
				AB8714B27622E0E754DA6E7D /* include_juce_events.mm in Sources */,
				68F819878E9BD8ACA9DC3C83 /* include_juce_graphics.mm in Sources */,
				F8DB388287CBA6EFF5C015A8 /* include_juce_graphics_Harfbuzz.cpp in Sources */,
				663AB827ADF2A2591AC8C65C /* include_juce_graphics_Sheenbidi.c in Sources */,
				C5E67FCA08113BAB02D5BC03 /* include_juce_gui_basics.mm in Sources */,
				0A253EA02F7A58EC00B80CD7 /* LUFSMeterComponent.cpp in Sources */,
				0A253EB22F7A599C00B80CD7 /* MonoToggleButton.cpp in Sources */,
				A9C3C64C8E25D481F3DC400E /* include_juce_gui_extra.mm in Sources */,
				0A253EA62F7A592300B80CD7 /* SpectrumAnalyzerComponent.cpp in Sources */,
				0A253E9D2F7A58CF00B80CD7 /* TransportComponent.cpp in Sources */,
			);
			runOnlyForDeploymentPostprocessing = 0;
		};
/* End PBXSourcesBuildPhase section */

/* Begin XCBuildConfiguration section */
		427D98415755D840DD8F6A53 /* Debug */ = {
			isa = XCBuildConfiguration;
			buildSettings = {
				CLANG_CXX_LANGUAGE_STANDARD = "c++17";
				CLANG_CXX_LIBRARY = "libc++";
				CLANG_LINK_OBJC_RUNTIME = NO;
				COMBINE_HIDPI_IMAGES = YES;
				CONFIGURATION_BUILD_DIR = "$(PROJECT_DIR)/build/$(CONFIGURATION)";
				COPY_PHASE_STRIP = NO;
				DEAD_CODE_STRIPPING = YES;
				EXCLUDED_ARCHS = "";
				GCC_DYNAMIC_NO_PIC = NO;
				GCC_OPTIMIZATION_LEVEL = 0;
				GCC_PREPROCESSOR_DEFINITIONS = (
					"_DEBUG=1",
					"DEBUG=1",
					"JUCE_PROJUCER_VERSION=0x8000c",
					"JUCE_MODULE_AVAILABLE_juce_audio_basics=1",
					"JUCE_MODULE_AVAILABLE_juce_audio_devices=1",
					"JUCE_MODULE_AVAILABLE_juce_audio_formats=1",
					"JUCE_MODULE_AVAILABLE_juce_audio_processors=1",
					"JUCE_MODULE_AVAILABLE_juce_audio_processors_headless=1",
					"JUCE_MODULE_AVAILABLE_juce_audio_utils=1",
					"JUCE_MODULE_AVAILABLE_juce_core=1",
					"JUCE_MODULE_AVAILABLE_juce_data_structures=1",
					"JUCE_MODULE_AVAILABLE_juce_events=1",
					"JUCE_MODULE_AVAILABLE_juce_graphics=1",
					"JUCE_MODULE_AVAILABLE_juce_gui_basics=1",
					"JUCE_MODULE_AVAILABLE_juce_gui_extra=1",
					"JUCE_GLOBAL_MODULE_SETTINGS_INCLUDED=1",
					"JUCE_STRICT_REFCOUNTEDPOINTER=1",
					"JUCE_STANDALONE_APPLICATION=1",
					"JUCER_XCODE_MAC_F6D2F4CF=1",
					"JUCE_APP_VERSION=1.0.0",
					"JUCE_APP_VERSION_HEX=0x10000",
					"JucePlugin_Build_VST=0",
					"JucePlugin_Build_VST3=0",
					"JucePlugin_Build_AU=0",
					"JucePlugin_Build_AUv3=0",
					"JucePlugin_Build_AAX=0",
					"JucePlugin_Build_Standalone=0",
					"JucePlugin_Build_Unity=0",
					"JucePlugin_Build_LV2=0",
				);
				GCC_VERSION = com.apple.compilers.llvm.clang.1_0;
				HEADER_SEARCH_PATHS = (
					"$(SRCROOT)/../../JuceLibraryCode",
					/Applications/JUCE/modules,
					"$(inherited)",
				);
				INFOPLIST_FILE = "Info-App.plist";
				INFOPLIST_KEY_CFBundleDisplayName = "Mix Player";
				INFOPLIST_KEY_LSApplicationCategoryType = "public.app-category.music";
				INFOPLIST_PREPROCESS = NO;
				INSTALL_PATH = "$(HOME)/Applications";
				MACOSX_DEPLOYMENT_TARGET = 11.0;
				MTL_HEADER_SEARCH_PATHS = "$(SRCROOT)/../../JuceLibraryCode /Applications/JUCE/modules";
				PRODUCT_BUNDLE_IDENTIFIER = com.yourcompany.MixPlayer;
				PRODUCT_NAME = "Mix Player";
				USE_HEADERMAP = NO;
				VALID_ARCHS = "i386 x86_64 arm64 arm64e";
			};
			name = Debug;
		};
		622E589722B18C790C0D55AC /* Debug */ = {
			isa = XCBuildConfiguration;
			buildSettings = {
				ALWAYS_SEARCH_USER_PATHS = NO;
				CLANG_ENABLE_OBJC_WEAK = YES;
				CLANG_WARN_BLOCK_CAPTURE_AUTORELEASING = YES;
				CLANG_WARN_BOOL_CONVERSION = YES;
				CLANG_WARN_COMMA = YES;
				CLANG_WARN_CONSTANT_CONVERSION = YES;
				CLANG_WARN_DEPRECATED_OBJC_IMPLEMENTATIONS = YES;
				CLANG_WARN_EMPTY_BODY = YES;
				CLANG_WARN_ENUM_CONVERSION = YES;
				CLANG_WARN_INFINITE_RECURSION = YES;
				CLANG_WARN_INT_CONVERSION = YES;
				CLANG_WARN_NON_LITERAL_NULL_CONVERSION = YES;
				CLANG_WARN_OBJC_IMPLICIT_RETAIN_SELF = YES;
				CLANG_WARN_OBJC_LITERAL_CONVERSION = YES;
				CLANG_WARN_QUOTED_INCLUDE_IN_FRAMEWORK_HEADER = YES;
				CLANG_WARN_RANGE_LOOP_ANALYSIS = YES;
				CLANG_WARN_STRICT_PROTOTYPES = YES;
				CLANG_WARN_SUSPICIOUS_MOVE = YES;
				CLANG_WARN_UNREACHABLE_CODE = YES;
				CLANG_WARN__DUPLICATE_METHOD_MATCH = YES;
				DEAD_CODE_STRIPPING = YES;
				DEBUG_INFORMATION_FORMAT = dwarf;
				ENABLE_STRICT_OBJC_MSGSEND = YES;
				ENABLE_TESTABILITY = YES;
				ENABLE_USER_SCRIPT_SANDBOXING = YES;
				GCC_C_LANGUAGE_STANDARD = c11;
				GCC_INLINES_ARE_PRIVATE_EXTERN = YES;
				GCC_MODEL_TUNING = G5;
				GCC_NO_COMMON_BLOCKS = YES;
				GCC_SYMBOLS_PRIVATE_EXTERN = YES;
				GCC_WARN_64_TO_32_BIT_CONVERSION = YES;
				GCC_WARN_ABOUT_RETURN_TYPE = YES;
				GCC_WARN_CHECK_SWITCH_STATEMENTS = YES;
				GCC_WARN_MISSING_PARENTHESES = YES;
				GCC_WARN_NON_VIRTUAL_DESTRUCTOR = YES;
				GCC_WARN_TYPECHECK_CALLS_TO_PRINTF = YES;
				GCC_WARN_UNDECLARED_SELECTOR = YES;
				GCC_WARN_UNINITIALIZED_AUTOS = YES;
				GCC_WARN_UNUSED_FUNCTION = YES;
				GCC_WARN_UNUSED_VARIABLE = YES;
				ONLY_ACTIVE_ARCH = YES;
				OTHER_CODE_SIGN_FLAGS = "--timestamp";
				PRODUCT_NAME = "Mix Player";
				SDKROOT = macosx;
				STRING_CATALOG_GENERATE_SYMBOLS = YES;
				WARNING_CFLAGS = "-Wreorder";
				ZERO_LINK = NO;
			};
			name = Debug;
		};
		8D63412ED0566B445EBB2263 /* Release */ = {
			isa = XCBuildConfiguration;
			buildSettings = {
				ALWAYS_SEARCH_USER_PATHS = NO;
				CLANG_ENABLE_OBJC_WEAK = YES;
				CLANG_WARN_BLOCK_CAPTURE_AUTORELEASING = YES;
				CLANG_WARN_BOOL_CONVERSION = YES;
				CLANG_WARN_COMMA = YES;
				CLANG_WARN_CONSTANT_CONVERSION = YES;
				CLANG_WARN_DEPRECATED_OBJC_IMPLEMENTATIONS = YES;
				CLANG_WARN_EMPTY_BODY = YES;
				CLANG_WARN_ENUM_CONVERSION = YES;
				CLANG_WARN_INFINITE_RECURSION = YES;
				CLANG_WARN_INT_CONVERSION = YES;
				CLANG_WARN_NON_LITERAL_NULL_CONVERSION = YES;
				CLANG_WARN_OBJC_IMPLICIT_RETAIN_SELF = YES;
				CLANG_WARN_OBJC_LITERAL_CONVERSION = YES;
				CLANG_WARN_QUOTED_INCLUDE_IN_FRAMEWORK_HEADER = YES;
				CLANG_WARN_RANGE_LOOP_ANALYSIS = YES;
				CLANG_WARN_STRICT_PROTOTYPES = YES;
				CLANG_WARN_SUSPICIOUS_MOVE = YES;
				CLANG_WARN_UNREACHABLE_CODE = YES;
				CLANG_WARN__DUPLICATE_METHOD_MATCH = YES;
				DEAD_CODE_STRIPPING = YES;
				DEBUG_INFORMATION_FORMAT = dwarf;
				ENABLE_STRICT_OBJC_MSGSEND = YES;
				ENABLE_TESTABILITY = NO;
				ENABLE_USER_SCRIPT_SANDBOXING = YES;
				GCC_C_LANGUAGE_STANDARD = c11;
				GCC_INLINES_ARE_PRIVATE_EXTERN = YES;
				GCC_MODEL_TUNING = G5;
				GCC_NO_COMMON_BLOCKS = YES;
				GCC_SYMBOLS_PRIVATE_EXTERN = YES;
				GCC_WARN_64_TO_32_BIT_CONVERSION = YES;
				GCC_WARN_ABOUT_RETURN_TYPE = YES;
				GCC_WARN_CHECK_SWITCH_STATEMENTS = YES;
				GCC_WARN_MISSING_PARENTHESES = YES;
				GCC_WARN_NON_VIRTUAL_DESTRUCTOR = YES;
				GCC_WARN_TYPECHECK_CALLS_TO_PRINTF = YES;
				GCC_WARN_UNDECLARED_SELECTOR = YES;
				GCC_WARN_UNINITIALIZED_AUTOS = YES;
				GCC_WARN_UNUSED_FUNCTION = YES;
				GCC_WARN_UNUSED_VARIABLE = YES;
				OTHER_CODE_SIGN_FLAGS = "--timestamp";
				PRODUCT_NAME = "Mix Player";
				SDKROOT = macosx;
				STRING_CATALOG_GENERATE_SYMBOLS = YES;
				WARNING_CFLAGS = "-Wreorder";
				ZERO_LINK = NO;
			};
			name = Release;
		};
		C35AFA9602F3F8A8E1F4088D /* Release */ = {
			isa = XCBuildConfiguration;
			buildSettings = {
				CLANG_CXX_LANGUAGE_STANDARD = "c++17";
				CLANG_CXX_LIBRARY = "libc++";
				CLANG_LINK_OBJC_RUNTIME = NO;
				COMBINE_HIDPI_IMAGES = YES;
				CONFIGURATION_BUILD_DIR = "$(PROJECT_DIR)/build/$(CONFIGURATION)";
				DEAD_CODE_STRIPPING = YES;
				EXCLUDED_ARCHS = "";
				GCC_GENERATE_DEBUGGING_SYMBOLS = NO;
				GCC_OPTIMIZATION_LEVEL = 3;
				GCC_PREPROCESSOR_DEFINITIONS = (
					"_NDEBUG=1",
					"NDEBUG=1",
					"JUCE_PROJUCER_VERSION=0x8000c",
					"JUCE_MODULE_AVAILABLE_juce_audio_basics=1",
					"JUCE_MODULE_AVAILABLE_juce_audio_devices=1",
					"JUCE_MODULE_AVAILABLE_juce_audio_formats=1",
					"JUCE_MODULE_AVAILABLE_juce_audio_processors=1",
					"JUCE_MODULE_AVAILABLE_juce_audio_processors_headless=1",
					"JUCE_MODULE_AVAILABLE_juce_audio_utils=1",
					"JUCE_MODULE_AVAILABLE_juce_core=1",
					"JUCE_MODULE_AVAILABLE_juce_data_structures=1",
					"JUCE_MODULE_AVAILABLE_juce_events=1",
					"JUCE_MODULE_AVAILABLE_juce_graphics=1",
					"JUCE_MODULE_AVAILABLE_juce_gui_basics=1",
					"JUCE_MODULE_AVAILABLE_juce_gui_extra=1",
					"JUCE_GLOBAL_MODULE_SETTINGS_INCLUDED=1",
					"JUCE_STRICT_REFCOUNTEDPOINTER=1",
					"JUCE_STANDALONE_APPLICATION=1",
					"JUCER_XCODE_MAC_F6D2F4CF=1",
					"JUCE_APP_VERSION=1.0.0",
					"JUCE_APP_VERSION_HEX=0x10000",
					"JucePlugin_Build_VST=0",
					"JucePlugin_Build_VST3=0",
					"JucePlugin_Build_AU=0",
					"JucePlugin_Build_AUv3=0",
					"JucePlugin_Build_AAX=0",
					"JucePlugin_Build_Standalone=0",
					"JucePlugin_Build_Unity=0",
					"JucePlugin_Build_LV2=0",
				);
				GCC_VERSION = com.apple.compilers.llvm.clang.1_0;
				HEADER_SEARCH_PATHS = (
					"$(SRCROOT)/../../JuceLibraryCode",
					/Applications/JUCE/modules,
					"$(inherited)",
				);
				INFOPLIST_FILE = "Info-App.plist";
				INFOPLIST_KEY_CFBundleDisplayName = "Mix Player";
				INFOPLIST_KEY_LSApplicationCategoryType = "public.app-category.music";
				INFOPLIST_PREPROCESS = NO;
				INSTALL_PATH = "$(HOME)/Applications";
				LLVM_LTO = YES;
				MACOSX_DEPLOYMENT_TARGET = 11.0;
				MTL_HEADER_SEARCH_PATHS = "$(SRCROOT)/../../JuceLibraryCode /Applications/JUCE/modules";
				PRODUCT_BUNDLE_IDENTIFIER = com.yourcompany.MixPlayer;
				PRODUCT_NAME = "Mix Player";
				USE_HEADERMAP = NO;
				VALID_ARCHS = "i386 x86_64 arm64 arm64e";
			};
			name = Release;
		};
/* End XCBuildConfiguration section */

/* Begin XCConfigurationList section */
		288EA1319B288D7C2CD570FC /* Build configuration list for PBXProject "MixPlayer" */ = {
			isa = XCConfigurationList;
			buildConfigurations = (
				622E589722B18C790C0D55AC /* Debug */,
				8D63412ED0566B445EBB2263 /* Release */,
			);
			defaultConfigurationIsVisible = 0;
			defaultConfigurationName = Debug;
		};
		9A26245E40B0E182AADA2157 /* Build configuration list for PBXNativeTarget "MixPlayer - App" */ = {
			isa = XCConfigurationList;
			buildConfigurations = (
				427D98415755D840DD8F6A53 /* Debug */,
				C35AFA9602F3F8A8E1F4088D /* Release */,
			);
			defaultConfigurationIsVisible = 0;
			defaultConfigurationName = Debug;
		};
/* End XCConfigurationList section */
	};
	rootObject = 5E3FAAFDD76F738A46D81073 /* Project object */;
}
